
Microsoft Visual Studio Solution File, Format Version 12.00
# Visual Studio Version 17
VisualStudioVersion = 17.7.34221.43
MinimumVisualStudioVersion = 10.0.40219.1
Project("{FAE04EC0-301F-11D3-BF4B-00C04F79EFBC}") = "azure-app-darfy", "azure-app-darfy\azure-app-darfy.csproj", "{94B105C3-52C2-416E-BF7C-8E16B5A90631}"
EndProject
Global
	GlobalSection(SolutionConfigurationPlatforms) = preSolution
		Debug|Any CPU = Debug|Any CPU
		Release|Any CPU = Release|Any CPU
	EndGlobalSection
	GlobalSection(ProjectConfigurationPlatforms) = postSolution
		{94B105C3-52C2-416E-BF7C-8E16B5A90631}.Debug|Any CPU.ActiveCfg = Debug|Any CPU
		{94B105C3-52C2-416E-BF7C-8E16B5A90631}.Debug|Any CPU.Build.0 = Debug|Any CPU
		{94B105C3-52C2-416E-BF7C-8E16B5A90631}.Release|Any CPU.ActiveCfg = Release|Any CPU
		{94B105C3-52C2-416E-BF7C-8E16B5A90631}.Release|Any CPU.Build.0 = Release|Any CPU
	EndGlobalSection
	GlobalSection(SolutionProperties) = preSolution
		HideSolutionNode = FALSE
	EndGlobalSection
	GlobalSection(ExtensibilityGlobals) = postSolution
		SolutionGuid = {B5276CAA-7FFC-4EB6-B67B-828A5C5EE471}
	EndGlobalSection
EndGlobal
